{
  "version": 4,
  "terraform_version": "1.9.8",
  "serial": 12,
  "lineage": "7728a08a-07ca-562f-463a-5931b7880aec",
  "outputs": {},
  "resources": [
    {
      "mode": "managed",
      "type": "kubernetes_config_map",
      "name": "mysql_config_map",
      "provider": "provider[\"registry.terraform.io/hashicorp/kubernetes\"]",
      "instances": [
        {
          "schema_version": 0,
          "attributes": {
            "binary_data": null,
            "data": {
              "mysql-server": "applikacja-mysql-app.app-spring.svc.cluster.local",
              "name_db": "new_schema",
              "port": "3306"
            },
            "id": "mysql-namespace/mysql-config-map",
            "immutable": false,
            "metadata": [
              {
                "annotations": null,
                "generate_name": "",
                "generation": 0,
                "labels": null,
                "name": "mysql-config-map",
                "namespace": "mysql-namespace",
                "resource_version": "630",
                "uid": "31345c64-855c-4c04-a150-87deaa4c0714"
              }
            ]
          },
          "sensitive_attributes": [],
          "private": "bnVsbA==",
          "dependencies": [
            "kubernetes_namespace_v1.mysql_namespace",
            "minikube_cluster.docker"
          ]
        }
      ]
    },
    {
      "mode": "managed",
      "type": "kubernetes_config_map",
      "name": "mysql_config_map_spring",
      "provider": "provider[\"registry.terraform.io/hashicorp/kubernetes\"]",
      "instances": [
        {
          "schema_version": 0,
          "attributes": {
            "binary_data": null,
            "data": {
              "mysql-server": "applikacja-mysql-app.app-spring.svc.cluster.local",
              "name_db": "new_schema",
              "port": "3306"
            },
            "id": "app-spring/mysql-config-map-spring",
            "immutable": false,
            "metadata": [
              {
                "annotations": null,
                "generate_name": "",
                "generation": 0,
                "labels": null,
                "name": "mysql-config-map-spring",
                "namespace": "app-spring",
                "resource_version": "633",
                "uid": "a8151eb1-20e0-42a4-ac77-2c88952bd076"
              }
            ]
          },
          "sensitive_attributes": [],
          "private": "bnVsbA==",
          "dependencies": [
            "kubernetes_namespace_v1.app_spring_namespace",
            "minikube_cluster.docker"
          ]
        }
      ]
    },
    {
      "mode": "managed",
      "type": "kubernetes_namespace_v1",
      "name": "app_spring_namespace",
      "provider": "provider[\"registry.terraform.io/hashicorp/kubernetes\"]",
      "instances": [
        {
          "schema_version": 0,
          "attributes": {
            "id": "app-spring",
            "metadata": [
              {
                "annotations": null,
                "generate_name": "",
                "generation": 0,
                "labels": {
                  "origin": "terraform"
                },
                "name": "app-spring",
                "resource_version": "624",
                "uid": "42f75373-038a-4db8-a69c-b17a810029e1"
              }
            ],
            "timeouts": null,
            "wait_for_default_service_account": false
          },
          "sensitive_attributes": [],
          "private": "eyJlMmJmYjczMC1lY2FhLTExZTYtOGY4OC0zNDM2M2JjN2M0YzAiOnsiZGVsZXRlIjozMDAwMDAwMDAwMDB9fQ==",
          "dependencies": [
            "minikube_cluster.docker"
          ]
        }
      ]
    },
    {
      "mode": "managed",
      "type": "kubernetes_namespace_v1",
      "name": "mysql_namespace",
      "provider": "provider[\"registry.terraform.io/hashicorp/kubernetes\"]",
      "instances": [
        {
          "schema_version": 0,
          "attributes": {
            "id": "mysql-namespace",
            "metadata": [
              {
                "annotations": null,
                "generate_name": "",
                "generation": 0,
                "labels": {
                  "origin": "terraform"
                },
                "name": "mysql-namespace",
                "resource_version": "625",
                "uid": "37bb2d1c-b546-4675-b181-acc56069e15e"
              }
            ],
            "timeouts": null,
            "wait_for_default_service_account": false
          },
          "sensitive_attributes": [],
          "private": "eyJlMmJmYjczMC1lY2FhLTExZTYtOGY4OC0zNDM2M2JjN2M0YzAiOnsiZGVsZXRlIjozMDAwMDAwMDAwMDB9fQ==",
          "dependencies": [
            "minikube_cluster.docker"
          ]
        }
      ]
    },
    {
      "mode": "managed",
      "type": "kubernetes_persistent_volume_claim",
      "name": "mysql_pvc",
      "provider": "provider[\"registry.terraform.io/hashicorp/kubernetes\"]",
      "instances": [
        {
          "schema_version": 0,
          "attributes": {
            "id": "mysql-namespace/mysql-pvc",
            "metadata": [
              {
                "annotations": null,
                "generate_name": "",
                "generation": 0,
                "labels": {
                  "app": "applikacja-mysql"
                },
                "name": "mysql-pvc",
                "namespace": "mysql-namespace",
                "resource_version": "647",
                "uid": "2150c59f-5ce7-4ce1-b11c-3d3c0e55f4d1"
              }
            ],
            "spec": [
              {
                "access_modes": [
                  "ReadWriteOnce"
                ],
                "resources": [
                  {
                    "limits": null,
                    "requests": {
                      "storage": "1Gi"
                    }
                  }
                ],
                "selector": [],
                "storage_class_name": "standard",
                "volume_mode": "Filesystem",
                "volume_name": "pvc-2150c59f-5ce7-4ce1-b11c-3d3c0e55f4d1"
              }
            ],
            "timeouts": null,
            "wait_until_bound": true
          },
          "sensitive_attributes": [],
          "private": "eyJlMmJmYjczMC1lY2FhLTExZTYtOGY4OC0zNDM2M2JjN2M0YzAiOnsiY3JlYXRlIjozMDAwMDAwMDAwMDB9fQ==",
          "dependencies": [
            "kubernetes_namespace_v1.mysql_namespace",
            "minikube_cluster.docker"
          ]
        }
      ]
    },
    {
      "mode": "managed",
      "type": "kubernetes_secret",
      "name": "mysql_secret",
      "provider": "provider[\"registry.terraform.io/hashicorp/kubernetes\"]",
      "instances": [
        {
          "schema_version": 0,
          "attributes": {
            "binary_data": null,
            "data": {
              "password": "wiktor",
              "username": "user"
            },
            "id": "mysql-namespace/mysql-secret-pass",
            "immutable": false,
            "metadata": [
              {
                "annotations": null,
                "generate_name": "",
                "generation": 0,
                "labels": null,
                "name": "mysql-secret-pass",
                "namespace": "mysql-namespace",
                "resource_version": "632",
                "uid": "db854239-3c24-46e0-b029-1b81491ef9f0"
              }
            ],
            "timeouts": null,
            "type": "Opaque",
            "wait_for_service_account_token": true
          },
          "sensitive_attributes": [
            [
              {
                "type": "get_attr",
                "value": "data"
              }
            ],
            [
              {
                "type": "get_attr",
                "value": "binary_data"
              }
            ]
          ],
          "private": "eyJlMmJmYjczMC1lY2FhLTExZTYtOGY4OC0zNDM2M2JjN2M0YzAiOnsiY3JlYXRlIjo2MDAwMDAwMDAwMH19",
          "dependencies": [
            "kubernetes_namespace_v1.mysql_namespace",
            "minikube_cluster.docker"
          ]
        }
      ]
    },
    {
      "mode": "managed",
      "type": "kubernetes_secret",
      "name": "mysql_secret_spring",
      "provider": "provider[\"registry.terraform.io/hashicorp/kubernetes\"]",
      "instances": [
        {
          "schema_version": 0,
          "attributes": {
            "binary_data": null,
            "data": {
              "password": "wiktor",
              "username": "user"
            },
            "id": "app-spring/mysql-secret-pass-spring",
            "immutable": false,
            "metadata": [
              {
                "annotations": null,
                "generate_name": "",
                "generation": 0,
                "labels": null,
                "name": "mysql-secret-pass-spring",
                "namespace": "app-spring",
                "resource_version": "631",
                "uid": "5cb6a9ab-b44c-473d-8fa5-691216dcc875"
              }
            ],
            "timeouts": null,
            "type": "Opaque",
            "wait_for_service_account_token": true
          },
          "sensitive_attributes": [
            [
              {
                "type": "get_attr",
                "value": "binary_data"
              }
            ],
            [
              {
                "type": "get_attr",
                "value": "data"
              }
            ]
          ],
          "private": "eyJlMmJmYjczMC1lY2FhLTExZTYtOGY4OC0zNDM2M2JjN2M0YzAiOnsiY3JlYXRlIjo2MDAwMDAwMDAwMH19",
          "dependencies": [
            "kubernetes_namespace_v1.app_spring_namespace",
            "minikube_cluster.docker"
          ]
        }
      ]
    },
    {
      "mode": "managed",
      "type": "kubernetes_service",
      "name": "app_mysql_service",
      "provider": "provider[\"registry.terraform.io/hashicorp/kubernetes\"]",
      "instances": [
        {
          "schema_version": 1,
          "attributes": {
            "id": "mysql-namespace/applikacja-mysql-app",
            "metadata": [
              {
                "annotations": null,
                "generate_name": "",
                "generation": 0,
                "labels": {
                  "app": "applikacja-mysql"
                },
                "name": "applikacja-mysql-app",
                "namespace": "mysql-namespace",
                "resource_version": "636",
                "uid": "a9d0c9fc-01d0-40e0-a67b-551d07885789"
              }
            ],
            "spec": [
              {
                "allocate_load_balancer_node_ports": true,
                "cluster_ip": "10.96.73.254",
                "cluster_ips": [
                  "10.96.73.254"
                ],
                "external_ips": null,
                "external_name": "",
                "external_traffic_policy": "",
                "health_check_node_port": 0,
                "internal_traffic_policy": "Cluster",
                "ip_families": [
                  "IPv4"
                ],
                "ip_family_policy": "SingleStack",
                "load_balancer_class": "",
                "load_balancer_ip": "",
                "load_balancer_source_ranges": null,
                "port": [
                  {
                    "app_protocol": "",
                    "name": "",
                    "node_port": 0,
                    "port": 3306,
                    "protocol": "TCP",
                    "target_port": "3306"
                  }
                ],
                "publish_not_ready_addresses": false,
                "selector": {
                  "app": "mysql"
                },
                "session_affinity": "None",
                "session_affinity_config": [],
                "type": "ClusterIP"
              }
            ],
            "status": [
              {
                "load_balancer": [
                  {
                    "ingress": []
                  }
                ]
              }
            ],
            "timeouts": null,
            "wait_for_load_balancer": true
          },
          "sensitive_attributes": [],
          "private": "eyJlMmJmYjczMC1lY2FhLTExZTYtOGY4OC0zNDM2M2JjN2M0YzAiOnsiY3JlYXRlIjo2MDAwMDAwMDAwMDB9LCJzY2hlbWFfdmVyc2lvbiI6IjEifQ==",
          "dependencies": [
            "kubernetes_namespace_v1.mysql_namespace",
            "minikube_cluster.docker"
          ]
        }
      ]
    },
    {
      "mode": "managed",
      "type": "kubernetes_stateful_set",
      "name": "mysql_stateful_set",
      "provider": "provider[\"registry.terraform.io/hashicorp/kubernetes\"]",
      "instances": [
        {
          "schema_version": 1,
          "attributes": {
            "id": "mysql-namespace/applikacja-mysql-app",
            "metadata": [
              {
                "annotations": null,
                "generate_name": "",
                "generation": 1,
                "labels": {
                  "app": "applikacja-mysql",
                  "tier": "baza-danych"
                },
                "name": "applikacja-mysql-app",
                "namespace": "mysql-namespace",
                "resource_version": "725",
                "uid": "6fb55334-6fc7-40a6-827a-ca494da508bb"
              }
            ],
            "spec": [
              {
                "min_ready_seconds": 0,
                "persistent_volume_claim_retention_policy": [],
                "pod_management_policy": "OrderedReady",
                "replicas": "1",
                "revision_history_limit": 0,
                "selector": [
                  {
                    "match_expressions": [],
                    "match_labels": {
                      "app": "mysql"
                    }
                  }
                ],
                "service_name": "applikacja-mysql-app",
                "template": [
                  {
                    "metadata": [
                      {
                        "annotations": null,
                        "generate_name": "",
                        "generation": 0,
                        "labels": {
                          "app": "mysql"
                        },
                        "name": "",
                        "namespace": "",
                        "resource_version": "",
                        "uid": ""
                      }
                    ],
                    "spec": [
                      {
                        "active_deadline_seconds": 0,
                        "affinity": [],
                        "automount_service_account_token": true,
                        "container": [
                          {
                            "args": null,
                            "command": null,
                            "env": [
                              {
                                "name": "DB_SERVER",
                                "value": "applikacja-mysql-app.app-spring.svc.cluster.local",
                                "value_from": []
                              },
                              {
                                "name": "MYSQL_PORT",
                                "value": "",
                                "value_from": [
                                  {
                                    "config_map_key_ref": [
                                      {
                                        "key": "port",
                                        "name": "mysql-config-map",
                                        "optional": false
                                      }
                                    ],
                                    "field_ref": [],
                                    "resource_field_ref": [],
                                    "secret_key_ref": []
                                  }
                                ]
                              },
                              {
                                "name": "MYSQL_DATABASE",
                                "value": "",
                                "value_from": [
                                  {
                                    "config_map_key_ref": [
                                      {
                                        "key": "name_db",
                                        "name": "mysql-config-map",
                                        "optional": false
                                      }
                                    ],
                                    "field_ref": [],
                                    "resource_field_ref": [],
                                    "secret_key_ref": []
                                  }
                                ]
                              },
                              {
                                "name": "MYSQL_ROOT_PASSWORD",
                                "value": "",
                                "value_from": [
                                  {
                                    "config_map_key_ref": [],
                                    "field_ref": [],
                                    "resource_field_ref": [],
                                    "secret_key_ref": [
                                      {
                                        "key": "password",
                                        "name": "mysql-secret-pass",
                                        "optional": false
                                      }
                                    ]
                                  }
                                ]
                              },
                              {
                                "name": "MYSQL_PASSWORD",
                                "value": "",
                                "value_from": [
                                  {
                                    "config_map_key_ref": [],
                                    "field_ref": [],
                                    "resource_field_ref": [],
                                    "secret_key_ref": [
                                      {
                                        "key": "password",
                                        "name": "mysql-secret-pass",
                                        "optional": false
                                      }
                                    ]
                                  }
                                ]
                              },
                              {
                                "name": "MYSQL_USER",
                                "value": "",
                                "value_from": [
                                  {
                                    "config_map_key_ref": [],
                                    "field_ref": [],
                                    "resource_field_ref": [],
                                    "secret_key_ref": [
                                      {
                                        "key": "username",
                                        "name": "mysql-secret-pass",
                                        "optional": false
                                      }
                                    ]
                                  }
                                ]
                              }
                            ],
                            "env_from": [],
                            "image": "mysql:8.0.40",
                            "image_pull_policy": "IfNotPresent",
                            "lifecycle": [],
                            "liveness_probe": [],
                            "name": "mysql-container",
                            "port": [
                              {
                                "container_port": 3306,
                                "host_ip": "",
                                "host_port": 0,
                                "name": "",
                                "protocol": "TCP"
                              }
                            ],
                            "readiness_probe": [],
                            "resources": [
                              {
                                "limits": {},
                                "requests": {}
                              }
                            ],
                            "security_context": [],
                            "startup_probe": [],
                            "stdin": false,
                            "stdin_once": false,
                            "termination_message_path": "/dev/termination-log",
                            "termination_message_policy": "File",
                            "tty": false,
                            "volume_device": [],
                            "volume_mount": [
                              {
                                "mount_path": "/var/lib/mysql",
                                "mount_propagation": "None",
                                "name": "mysql-data",
                                "read_only": false,
                                "sub_path": ""
                              }
                            ],
                            "working_dir": ""
                          }
                        ],
                        "dns_config": [],
                        "dns_policy": "ClusterFirst",
                        "enable_service_links": true,
                        "host_aliases": [],
                        "host_ipc": false,
                        "host_network": false,
                        "host_pid": false,
                        "hostname": "",
                        "image_pull_secrets": [],
                        "init_container": [],
                        "node_name": "",
                        "node_selector": null,
                        "os": [],
                        "priority_class_name": "",
                        "readiness_gate": [],
                        "restart_policy": "Always",
                        "runtime_class_name": "",
                        "scheduler_name": "default-scheduler",
                        "security_context": [],
                        "service_account_name": "",
                        "share_process_namespace": false,
                        "subdomain": "",
                        "termination_grace_period_seconds": 30,
                        "toleration": [],
                        "topology_spread_constraint": [],
                        "volume": [
                          {
                            "aws_elastic_block_store": [],
                            "azure_disk": [],
                            "azure_file": [],
                            "ceph_fs": [],
                            "cinder": [],
                            "config_map": [],
                            "csi": [],
                            "downward_api": [],
                            "empty_dir": [],
                            "ephemeral": [],
                            "fc": [],
                            "flex_volume": [],
                            "flocker": [],
                            "gce_persistent_disk": [],
                            "git_repo": [],
                            "glusterfs": [],
                            "host_path": [],
                            "iscsi": [],
                            "local": [],
                            "name": "mysql-data",
                            "nfs": [],
                            "persistent_volume_claim": [
                              {
                                "claim_name": "mysql-pvc",
                                "read_only": false
                              }
                            ],
                            "photon_persistent_disk": [],
                            "projected": [],
                            "quobyte": [],
                            "rbd": [],
                            "secret": [],
                            "vsphere_volume": []
                          }
                        ]
                      }
                    ]
                  }
                ],
                "update_strategy": [],
                "volume_claim_template": []
              }
            ],
            "timeouts": null,
            "wait_for_rollout": true
          },
          "sensitive_attributes": [],
          "private": "eyJlMmJmYjczMC1lY2FhLTExZTYtOGY4OC0zNDM2M2JjN2M0YzAiOnsiY3JlYXRlIjo2MDAwMDAwMDAwMDAsImRlbGV0ZSI6NjAwMDAwMDAwMDAwLCJyZWFkIjo2MDAwMDAwMDAwMDAsInVwZGF0ZSI6NjAwMDAwMDAwMDAwfSwic2NoZW1hX3ZlcnNpb24iOiIxIn0=",
          "dependencies": [
            "kubernetes_config_map.mysql_config_map",
            "kubernetes_namespace_v1.mysql_namespace",
            "kubernetes_persistent_volume_claim.mysql_pvc",
            "kubernetes_secret.mysql_secret",
            "minikube_cluster.docker"
          ]
        }
      ]
    },
    {
      "mode": "managed",
      "type": "minikube_cluster",
      "name": "docker",
      "provider": "provider[\"registry.terraform.io/scott-the-programmer/minikube\"]",
      "instances": [
        {
          "schema_version": 0,
          "attributes": {
            "addons": [
              "dashboard",
              "default-storageclass",
              "ingress",
              "ingress-dns",
              "storage-provisioner"
            ],
            "apiserver_ips": [],
            "apiserver_name": "minikubeCA",
            "apiserver_names": [],
            "apiserver_port": 8443,
            "auto_pause_interval": 1,
            "auto_update_drivers": true,
            "base_image": "gcr.io/k8s-minikube/kicbase:v0.0.44@sha256:eb04641328b06c5c4a14f4348470e1046bbcf9c2cbc551486e343d3a49db557e",
            "binary_mirror": null,
            "cache_images": true,
            "cert_expiration": 1576800,
            "client_certificate": "-----BEGIN CERTIFICATE-----\nMIIDITCCAgmgAwIBAgIBAjANBgkqhkiG9w0BAQsFADAVMRMwEQYDVQQDEwptaW5p\na3ViZUNBMB4XDTI1MDEyMzEyNDI1MVoXDTI4MDEyNDEyNDI1MVowMTEXMBUGA1UE\nChMOc3lzdGVtOm1hc3RlcnMxFjAUBgNVBAMTDW1pbmlrdWJlLXVzZXIwggEiMA0G\nCSqGSIb3DQEBAQUAA4IBDwAwggEKAoIBAQCt42D5JWr/fHQmpPIGsrrJlRkB7hD3\n+tPVHRwWNP29ufUsXU0HN4+ZSWFgFcG4kGxYiQmIKYuGpivSQsaOYIT4YHcFAAZt\nJlcB2SATEvhcJoQTiWPACLUcf66Ap1AvM12E6CG+y5v08trz8E7NmkljmD4F34pU\nZUWSY4PpPjnaG9btg+u0kbDtQOng2oTEJR5GjlFj9rY61QTNJr2L6FKRUOsXKkzE\n9z4fbmt/vAPef7QMIqsX/CqWON3RQyI1JoDUXjF4gLvkn2h+lSL6ifvY6yLBHxDG\ncWdGtt9R/kxdIAycsf/qUd0PnJiCOgKF0dpaNnM91HvL1QNmWtpdtXJ3AgMBAAGj\nYDBeMA4GA1UdDwEB/wQEAwIFoDAdBgNVHSUEFjAUBggrBgEFBQcDAQYIKwYBBQUH\nAwIwDAYDVR0TAQH/BAIwADAfBgNVHSMEGDAWgBSsek03Sg9uAseZICBhUGog8Tzp\nhDANBgkqhkiG9w0BAQsFAAOCAQEAMk/rphHPGQKco+1tdxl7bOfIevuiMMx4i1E1\ntR1tlgwJ68EpevykAxqLi238CcoxFtdFSEchOGqWsV8RoJzqldV5lxiBxRrVyshT\n1QKRt53fYwFgCCh0nP9ZhFGsQmBKyJTfClMdecJULCCAAMI1BLZU5zWEcf5yX9ki\nZcDGbTGh758jnOnJpvZTRBUUsnL1Shm+9AGuXZ/DVggkI3IZ2irp7VoKZJxqcfSS\njkKtdFquyszBXytnhL/m66MOfUQg3B5VZV+y9xFE8M1Jix0R74pCZH3ElGPXPWu0\n7RtSQODOWxffpUx/INj8nSituzopnX8s2s04FseDx7NB0ixw/g==\n-----END CERTIFICATE-----\n",
            "client_key": "-----BEGIN RSA PRIVATE KEY-----\nMIIEpAIBAAKCAQEAreNg+SVq/3x0JqTyBrK6yZUZAe4Q9/rT1R0cFjT9vbn1LF1N\nBzePmUlhYBXBuJBsWIkJiCmLhqYr0kLGjmCE+GB3BQAGbSZXAdkgExL4XCaEE4lj\nwAi1HH+ugKdQLzNdhOghvsub9PLa8/BOzZpJY5g+Bd+KVGVFkmOD6T452hvW7YPr\ntJGw7UDp4NqExCUeRo5RY/a2OtUEzSa9i+hSkVDrFypMxPc+H25rf7wD3n+0DCKr\nF/wqljjd0UMiNSaA1F4xeIC75J9ofpUi+on72OsiwR8QxnFnRrbfUf5MXSAMnLH/\n6lHdD5yYgjoChdHaWjZzPdR7y9UDZlraXbVydwIDAQABAoIBAQCK4B9RvF2hIE9P\nkcquKM5fMpHfZbftpUjLWs1UuwuwHDVAMl/TlL8+CEoZyCaIdefiKcgQFEYXyt0S\ntzwG9/UavUgxGR0IzWcN1c/1C+CJEEXJqJ+e/hVPZnYC0B2NJPPast5ImCq9Tbwq\nuNDnCgL05OEcJbU/xAX1bT8r6AOiOep6OYxfKMfwCbT9I4g7U3xKVp58OKJMYTCA\nIMvRmOlFiFFB5sOxVsz6Qwi64KH1PmhVzC7nfG8Z7EsGjAveZQM8Cm+NrLhIcCo3\nb6uURKgPjmNPeM0TUwjQOb+AQXvhDn4iD82qZI+hqlxQNaRdgYS2FRBEV2irJEbs\nHkNLoRIJAoGBAMqaPYWl6oUy2SPoJbLvf9vnyxWoR17gLAt00/TR1tRD1fZ5JwhV\nYQAdA6qdoYEoSitsFK5ZpF52mB+UbUgcNH4Y8Z95mAmJq1J3pamItRMOJBjF6AAJ\nH5vkEbdhkPUhbGDMU3vCmUbRDDFrYzA+Da+YTS4D8JETnnwtxDEHKHBrAoGBANu3\nwrIZXlLgakNBXBDRU3CFxNGiJf6SlNacyUOWP3lt1hczUL9o7YVH5MY0fuEyXs5Y\ncCLxohz/2qDeMbAy7oy2QsTVEKqLKDEMBIt1YaL2UyW2x5ZDZ+Qvs91WMHx5vg3H\nLKdekpGqUVuWchVf2GKnX6zNCafi32KIHYYjWFklAoGAEJ9hBtMbD7yhRino1eqC\nggddiTRaTrVzx6jZLw/8YUQDjQpZonxmzfyTbW8rbg5hL3jZpYhjTQDL8GNcJ/tw\nbxwazuvKBpZOASEh7Wvy91JEseei5kXZWw/2SCZwHzyTyMla3B+WNdI2/uMBq1ac\nBtknE+xs02pZqXST0TX2ImsCgYBJcC1KPAJz7wB1hFYSZPTfqkZzzx+l7DaFWRhI\nV+LVYmnpjURTBe5F2xbTTN6PxLc9fv/UHjGSQc5AcKPpAc0MCSteAN02M5b2dc7b\nEhvVTUHTXDlvtw31jiAvPcys/kAQ+N6q/og82dGhrDJrhIKdztXCuzGcBM+nbll3\n6T5xZQKBgQDD1jwcDejB7sYkBTwn78gtK6/82gSTKyCz3TPlNWNtLxBwdKUKBUDO\n1dg/p1ZZKOLp0v2TAH1u4yFUbRDx8RDXgq+S7rH5VrKVg7G75swLgvxzQI0qztk0\nEn0dUbHmyq3FbkGaPegZ+OLXKxUsX3X3v9gA08SEMcZt2vNPfGvcow==\n-----END RSA PRIVATE KEY-----\n",
            "cluster_ca_certificate": "-----BEGIN CERTIFICATE-----\nMIIDBjCCAe6gAwIBAgIBATANBgkqhkiG9w0BAQsFADAVMRMwEQYDVQQDEwptaW5p\na3ViZUNBMB4XDTI0MTEyNTE0MDM0OFoXDTM0MTEyNDE0MDM0OFowFTETMBEGA1UE\nAxMKbWluaWt1YmVDQTCCASIwDQYJKoZIhvcNAQEBBQADggEPADCCAQoCggEBALs1\nCZPX1pKghz1AE3KYZisj9W+eVkUprNd/IpRa2sTpkSvnKFKuI+C3M+efZEgNFAsd\n2I2fdqJYn0ruGf45KrCEI4eV5oXjU0U0Rleh3muNRs/ABePCUNHPtKwTCNTZgU1Z\n/GjlC/EFIykthBQB8yPWagboUNsZ6Y0AzLq+wKfgHsYdpG0Y2GCqzqxTTxwowVlH\ngn5ZfB3FuoIYJGCT6mxgAUACO8F1JLlWQmCGfK+eNNl4CEMHQ8H36Qlwy9LKSD3r\n9FwaQsO+m1gTG3AkkHPh2VlG+0qPi5WVB0OHVZUsQFOYTUZAz7gYx7c22oE+TEe/\nhmAuNe6t+Hri2JVorbkCAwEAAaNhMF8wDgYDVR0PAQH/BAQDAgKkMB0GA1UdJQQW\nMBQGCCsGAQUFBwMCBggrBgEFBQcDATAPBgNVHRMBAf8EBTADAQH/MB0GA1UdDgQW\nBBSsek03Sg9uAseZICBhUGog8TzphDANBgkqhkiG9w0BAQsFAAOCAQEABzFE+rHE\nXmPsBmSxzwlRiOP9fkNACK0Z6WfBWwLlgd4qwFD03K4kw8dFtO3s9A2BWEjfCccv\npMhpzC8mgfDyTWv9gEj/qinsdlpQ22exqRlJUPaWgbXuq+s6u4KITBnzd1MmbpNP\n4hPE8WmnmHSc+nUwybJeNb91AtAj+Ao3XXhGDBqFXen8QYNzR9g3jdYvUvM/jmoR\nD4ElCBjS5UUXJ6P4n5ULVkBTdTksWC2t+Sn+Q0bsNyhtATH/Y8HF5RFMMytaju/l\nvESla5WTtMfTSRwKuwwKmnBqfepIBrxn1dNVVPVVaFG5L7R4IQvvO+WleH0eTE6w\n1aAk6jyisyWA1Q==\n-----END CERTIFICATE-----\n",
            "cluster_name": "spring-cluster",
            "cni": "bridge",
            "container_runtime": "docker",
            "cpus": 2,
            "cri_socket": "",
            "delete_on_failure": false,
            "disable_driver_mounts": false,
            "disable_metrics": false,
            "disable_optimizations": false,
            "disk_size": "20000mb",
            "dns_domain": "cluster.local",
            "dns_proxy": false,
            "docker_env": null,
            "docker_opt": null,
            "download_only": false,
            "driver": "docker",
            "dry_run": false,
            "embed_certs": false,
            "enable_default_cni": false,
            "extra_config": null,
            "extra_disks": 0,
            "feature_gates": "",
            "force": false,
            "force_systemd": false,
            "gpus": null,
            "ha": false,
            "host": "https://127.0.0.1:60391",
            "host_dns_resolver": true,
            "host_only_cidr": "192.168.59.1/24",
            "host_only_nic_type": "virtio",
            "hyperkit_vpnkit_sock": "",
            "hyperkit_vsock_ports": [],
            "hyperv_external_adapter": "",
            "hyperv_use_external_switch": false,
            "hyperv_virtual_switch": "",
            "id": "spring-cluster",
            "image_mirror_country": null,
            "image_repository": "",
            "insecure_registry": [],
            "install_addons": true,
            "interactive": true,
            "iso_url": [
              "https://github.com/kubernetes/minikube/releases/download/v1.33.0/minikube-v1.33.0-amd64.iso"
            ],
            "keep_context": false,
            "kubernetes_version": null,
            "kvm_gpu": false,
            "kvm_hidden": false,
            "kvm_network": "default",
            "kvm_numa_count": 1,
            "kvm_qemu_uri": "qemu:///system",
            "listen_address": "",
            "memory": "4096mb",
            "mount": false,
            "mount_9p_version": "9p2000.L",
            "mount_gid": "docker",
            "mount_ip": null,
            "mount_msize": 262144,
            "mount_options": null,
            "mount_port": 0,
            "mount_string": "C:\\Users\\rudyw:/minikube-host",
            "mount_type": "9p",
            "mount_uid": "docker",
            "namespace": "default",
            "nat_nic_type": "virtio",
            "native_ssh": true,
            "network": "",
            "network_plugin": null,
            "nfs_share": [],
            "nfs_shares_root": "/nfsshares",
            "no_kubernetes": false,
            "no_vtx_check": false,
            "nodes": 1,
            "output": "text",
            "ports": [],
            "preload": true,
            "qemu_firmware_path": null,
            "registry_mirror": [],
            "service_cluster_ip_range": "10.96.0.0/12",
            "socket_vmnet_client_path": "/usr/local/opt/socket_vmnet/bin/socket_vmnet_client",
            "socket_vmnet_path": "/usr/local/var/run/socket_vmnet",
            "ssh_ip_address": "",
            "ssh_key": "",
            "ssh_port": 22,
            "ssh_user": "root",
            "static_ip": null,
            "subnet": null,
            "trace": null,
            "uuid": "",
            "vm": false,
            "vm_driver": null,
            "wait": null,
            "wait_timeout": 6
          },
          "sensitive_attributes": [
            [
              {
                "type": "get_attr",
                "value": "client_key"
              }
            ],
            [
              {
                "type": "get_attr",
                "value": "client_certificate"
              }
            ],
            [
              {
                "type": "get_attr",
                "value": "cluster_ca_certificate"
              }
            ]
          ],
          "private": "bnVsbA=="
        }
      ]
    }
  ],
  "check_results": null
}
